// !$*UTF8*$!
{
	archiveVersion = 1;
	classes = {
	};
	objectVersion = 46;
	objects = {

/* Begin PBXBuildFile section */
		DEB2F5511C95A709005B31BE /* AppDelegate.swift in Sources */ = {isa = PBXBuildFile; fileRef = DEB2F5501C95A709005B31BE /* AppDelegate.swift */; };
		DEB2F5531C95A709005B31BE /* ViewController.swift in Sources */ = {isa = PBXBuildFile; fileRef = DEB2F5521C95A709005B31BE /* ViewController.swift */; };
		DEB2F5561C95A709005B31BE /* Main.storyboard in Resources */ = {isa = PBXBuildFile; fileRef = DEB2F5541C95A709005B31BE /* Main.storyboard */; };
		DEB2F5581C95A709005B31BE /* Assets.xcassets in Resources */ = {isa = PBXBuildFile; fileRef = DEB2F5571C95A709005B31BE /* Assets.xcassets */; };
		DEB2F55B1C95A709005B31BE /* LaunchScreen.storyboard in Resources */ = {isa = PBXBuildFile; fileRef = DEB2F5591C95A709005B31BE /* LaunchScreen.storyboard */; };
/* End PBXBuildFile section */

/* Begin PBXFileReference section */
		DEB2F54D1C95A709005B31BE /* 2048.app */ = {isa = PBXFileReference; explicitFileType = wrapper.application; includeInIndex = 0; path = 2048.app; sourceTree = BUILT_PRODUCTS_DIR; };
		DEB2F5501C95A709005B31BE /* AppDelegate.swift */ = {isa = PBXFileReference; lastKnownFileType = sourcecode.swift; path = AppDelegate.swift; sourceTree = "<group>"; };
		DEB2F5521C95A709005B31BE /* ViewController.swift */ = {isa = PBXFileReference; lastKnownFileType = sourcecode.swift; path = ViewController.swift; sourceTree = "<group>"; };
		DEB2F5551C95A709005B31BE /* Base */ = {isa = PBXFileReference; lastKnownFileType = file.storyboard; name = Base; path = Base.lproj/Main.storyboard; sourceTree = "<group>"; };
		DEB2F5571C95A709005B31BE /* Assets.xcassets */ = {isa = PBXFileReference; lastKnownFileType = folder.assetcatalog; path = Assets.xcassets; sourceTree = "<group>"; };
		DEB2F55A1C95A709005B31BE /* Base */ = {isa = PBXFileReference; lastKnownFileType = file.storyboard; name = Base; path = Base.lproj/LaunchScreen.storyboard; sourceTree = "<group>"; };
		DEB2F55C1C95A709005B31BE /* Info.plist */ = {isa = PBXFileReference; lastKnownFileType = text.plist.xml; path = Info.plist; sourceTree = "<group>"; };
/* End PBXFileReference section */

/* Begin PBXFrameworksBuildPhase section */
		DEB2F54A1C95A709005B31BE /* Frameworks */ = {
			isa = PBXFrameworksBuildPhase;
			buildActionMask = 2147483647;
			files = (
			);
			runOnlyForDeploymentPostprocessing = 0;
		};
/* End PBXFrameworksBuildPhase section */

/* Begin PBXGroup section */
		DEB2F5441C95A709005B31BE = {
			isa = PBXGroup;
			children = (
				DEB2F54F1C95A709005B31BE /* 2048 */,
				DEB2F54E1C95A709005B31BE /* Products */,
			);
			sourceTree = "<group>";
		};
		DEB2F54E1C95A709005B31BE /* Products */ = {
			isa = PBXGroup;
			children = (
				DEB2F54D1C95A709005B31BE /* 2048.app */,
			);
			name = Products;
			sourceTree = "<group>";
		};
		DEB2F54F1C95A709005B31BE /* 2048 */ = {
			isa = PBXGroup;
			children = (
				DEB2F5501C95A709005B31BE /* AppDelegate.swift */,
				DEB2F5521C95A709005B31BE /* ViewController.swift */,
				DEB2F5541C95A709005B31BE /* Main.storyboard */,
				DEB2F5571C95A709005B31BE /* Assets.xcassets */,
				DEB2F5591C95A709005B31BE /* LaunchScreen.storyboard */,
				DEB2F55C1C95A709005B31BE /* Info.plist */,
			);
			path = 2048;
			sourceTree = "<group>";
		};
/* End PBXGroup section */

/* Begin PBXNativeTarget section */
		DEB2F54C1C95A709005B31BE /* 2048 */ = {
			isa = PBXNativeTarget;
			buildConfigurationList = DEB2F55F1C95A709005B31BE /* Build configuration list for PBXNativeTarget "2048" */;
			buildPhases = (
				DEB2F5491C95A709005B31BE /* Sources */,
				DEB2F54A1C95A709005B31BE /* Frameworks */,
				DEB2F54B1C95A709005B31BE /* Resources */,
			);
			buildRules = (
			);
			dependencies = (
			);
			name = 2048;
			productName = 2048;
			productReference = DEB2F54D1C95A709005B31BE /* 2048.app */;
			productType = "com.apple.product-type.application";
		};
/* End PBXNativeTarget section */

/* Begin PBXProject section */
		DEB2F5451C95A709005B31BE /* Project object */ = {
			isa = PBXProject;
			attributes = {
				LastSwiftUpdateCheck = 0720;
				LastUpgradeCheck = 0720;
				ORGANIZATIONNAME = "李恺林";
				TargetAttributes = {
					DEB2F54C1C95A709005B31BE = {
						CreatedOnToolsVersion = 7.2.1;
						DevelopmentTeam = 4A6WKDWV93;
						LastSwiftMigration = 0800;
					};
				};
			};
			buildConfigurationList = DEB2F5481C95A709005B31BE /* Build configuration list for PBXProject "2048" */;
			compatibilityVersion = "Xcode 3.2";
			developmentRegion = English;
			hasScannedForEncodings = 0;
			knownRegions = (
				en,
				Base,
			);
			mainGroup = DEB2F5441C95A709005B31BE;
			productRefGroup = DEB2F54E1C95A709005B31BE /* Products */;
			projectDirPath = "";
			projectRoot = "";
			targets = (
				DEB2F54C1C95A709005B31BE /* 2048 */,
			);
		};
/* End PBXProject section */

/* Begin PBXResourcesBuildPhase section */
		DEB2F54B1C95A709005B31BE /* Resources */ = {
			isa = PBXResourcesBuildPhase;
			buildActionMask = 2147483647;
			files = (
				DEB2F55B1C95A709005B31BE /* LaunchScreen.storyboard in Resources */,
				DEB2F5581C95A709005B31BE /* Assets.xcassets in Resources */,
				DEB2F5561C95A709005B31BE /* Main.storyboard in Resources */,
			);
			runOnlyForDeploymentPostprocessing = 0;
		};
/* End PBXResourcesBuildPhase section */

/* Begin PBXSourcesBuildPhase section */
		DEB2F5491C95A709005B31BE /* Sources */ = {
			isa = PBXSourcesBuildPhase;
			buildActionMask = 2147483647;
			files = (
				DEB2F5531C95A709005B31BE /* ViewController.swift in Sources */,
				DEB2F5511C95A709005B31BE /* AppDelegate.swift in Sources */,
			);
			runOnlyForDeploymentPostprocessing = 0;
		};
/* End PBXSourcesBuildPhase section */

/* Begin PBXVariantGroup section */
		DEB2F5541C95A709005B31BE /* Main.storyboard */ = {
			isa = PBXVariantGroup;
			children = (
				DEB2F5551C95A709005B31BE /* Base */,
			);
			name = Main.storyboard;
			sourceTree = "<group>";
		};
		DEB2F5591C95A709005B31BE /* LaunchScreen.storyboard */ = {
			isa = PBXVariantGroup;
			children = (
				DEB2F55A1C95A709005B31BE /* Base */,
			);
			name = LaunchScreen.storyboard;
			sourceTree = "<group>";
		};
/* End PBXVariantGroup section */

/* Begin XCBuildConfiguration section */
		DEB2F55D1C95A709005B31BE /* Debug */ = {
			isa = XCBuildConfiguration;
			buildSettings = {
				ALWAYS_SEARCH_USER_PATHS = NO;
				CLANG_CXX_LANGUAGE_STANDARD = "gnu++0x";
				CLANG_CXX_LIBRARY = "libc++";
				CLANG_ENABLE_MODULES = YES;
				CLANG_ENABLE_OBJC_ARC = YES;
				CLANG_WARN_BOOL_CONVERSION = YES;
				CLANG_WARN_CONSTANT_CONVERSION = YES;
				CLANG_WARN_DIRECT_OBJC_ISA_USAGE = YES_ERROR;
				CLANG_WARN_EMPTY_BODY = YES;
				CLANG_WARN_ENUM_CONVERSION = YES;
				CLANG_WARN_INT_CONVERSION = YES;
				CLANG_WARN_OBJC_ROOT_CLASS = YES_ERROR;
				CLANG_WARN_UNREACHABLE_CODE = YES;
				CLANG_WARN__DUPLICATE_METHOD_MATCH = YES;
				"CODE_SIGN_IDENTITY[sdk=iphoneos*]" = "iPhone Developer";
				COPY_PHASE_STRIP = NO;
				DEBUG_INFORMATION_FORMAT = dwarf;
				ENABLE_STRICT_OBJC_MSGSEND = YES;
				ENABLE_TESTABILITY = YES;
				GCC_C_LANGUAGE_STANDARD = gnu99;
				GCC_DYNAMIC_NO_PIC = NO;
				GCC_NO_COMMON_BLOCKS = YES;
				GCC_OPTIMIZATION_LEVEL = 0;
				GCC_PREPROCESSOR_DEFINITIONS = (
					"DEBUG=1",
					"$(inherited)",
				);
				GCC_WARN_64_TO_32_BIT_CONVERSION = YES;
				GCC_WARN_ABOUT_RETURN_TYPE = YES_ERROR;
				GCC_WARN_UNDECLARED_SELECTOR = YES;
				GCC_WARN_UNINITIALIZED_AUTOS = YES_AGGRESSIVE;
				GCC_WARN_UNUSED_FUNCTION = YES;
				GCC_WARN_UNUSED_VARIABLE = YES;
				IPHONEOS_DEPLOYMENT_TARGET = 9.3;
				MTL_ENABLE_DEBUG_INFO = YES;
				ONLY_ACTIVE_ARCH = YES;
				SDKROOT = iphoneos;
				SWIFT_OPTIMIZATION_LEVEL = "-Onone";
			};
			name = Debug;
		};
		DEB2F55E1C95A709005B31BE /* Release */ = {
			isa = XCBuildConfiguration;
			buildSettings = {
				ALWAYS_SEARCH_USER_PATHS = NO;
				CLANG_CXX_LANGUAGE_STANDARD = "gnu++0x";
				CLANG_CXX_LIBRARY = "libc++";
				CLANG_ENABLE_MODULES = YES;
				CLANG_ENABLE_OBJC_ARC = YES;
				CLANG_WARN_BOOL_CONVERSION = YES;
				CLANG_WARN_CONSTANT_CONVERSION = YES;
				CLANG_WARN_DIRECT_OBJC_ISA_USAGE = YES_ERROR;
				CLANG_WARN_EMPTY_BODY = YES;
				CLANG_WARN_ENUM_CONVERSION = YES;
				CLANG_WARN_INT_CONVERSION = YES;
				CLANG_WARN_OBJC_ROOT_CLASS = YES_ERROR;
				CLANG_WARN_UNREACHABLE_CODE = YES;
				CLANG_WARN__DUPLICATE_METHOD_MATCH = YES;
				"CODE_SIGN_IDENTITY[sdk=iphoneos*]" = "iPhone Developer";
				COPY_PHASE_STRIP = NO;
				DEBUG_INFORMATION_FORMAT = "dwarf-with-dsym";
				ENABLE_NS_ASSERTIONS = NO;
				ENABLE_STRICT_OBJC_MSGSEND = YES;
				GCC_C_LANGUAGE_STANDARD = gnu99;
				GCC_NO_COMMON_BLOCKS = YES;
				GCC_WARN_64_TO_32_BIT_CONVERSION = YES;
				GCC_WARN_ABOUT_RETURN_TYPE = YES_ERROR;
				GCC_WARN_UNDECLARED_SELECTOR = YES;
				GCC_WARN_UNINITIALIZED_AUTOS = YES_AGGRESSIVE;
				GCC_WARN_UNUSED_FUNCTION = YES;
				GCC_WARN_UNUSED_VARIABLE = YES;
				IPHONEOS_DEPLOYMENT_TARGET = 9.3;
				MTL_ENABLE_DEBUG_INFO = NO;
				SDKROOT = iphoneos;
				VALIDATE_PRODUCT = YES;
			};
			name = Release;
		};
		DEB2F5601C95A709005B31BE /* Debug */ = {
			isa = XCBuildConfiguration;
			buildSettings = {
				ASSETCATALOG_COMPILER_APPICON_NAME = AppIcon;
				INFOPLIST_FILE = 2048/Info.plist;
				IPHONEOS_DEPLOYMENT_TARGET = 9.0;
				LD_RUNPATH_SEARCH_PATHS = "$(inherited) @executable_path/Frameworks";
				PRODUCT_BUNDLE_IDENTIFIER = com.SiZheForever.2048;
				PRODUCT_NAME = "$(TARGET_NAME)";
				SWIFT_VERSION = 3.0;
			};
			name = Debug;
		};
		DEB2F5611C95A709005B31BE /* Release */ = {
			isa = XCBuildConfiguration;
			buildSettings = {
				ASSETCATALOG_COMPILER_APPICON_NAME = AppIcon;
				INFOPLIST_FILE = 2048/Info.plist;
				IPHONEOS_DEPLOYMENT_TARGET = 9.0;
				LD_RUNPATH_SEARCH_PATHS = "$(inherited) @executable_path/Frameworks";
				PRODUCT_BUNDLE_IDENTIFIER = com.SiZheForever.2048;
				PRODUCT_NAME = "$(TARGET_NAME)";
				SWIFT_VERSION = 3.0;
			};
			name = Release;
		};
/* End XCBuildConfiguration section */

/* Begin XCConfigurationList section */
		DEB2F5481C95A709005B31BE /* Build configuration list for PBXProject "2048" */ = {
			isa = XCConfigurationList;
			buildConfigurations = (
				DEB2F55D1C95A709005B31BE /* Debug */,
				DEB2F55E1C95A709005B31BE /* Release */,
			);
			defaultConfigurationIsVisible = 0;
			defaultConfigurationName = Release;
		};
		DEB2F55F1C95A709005B31BE /* Build configuration list for PBXNativeTarget "2048" */ = {
			isa = XCConfigurationList;
			buildConfigurations = (
				DEB2F5601C95A709005B31BE /* Debug */,
				DEB2F5611C95A709005B31BE /* Release */,
			);
			defaultConfigurationIsVisible = 0;
			defaultConfigurationName = Release;
		};
/* End XCConfigurationList section */
	};
	rootObject = DEB2F5451C95A709005B31BE /* Project object */;
}
